// !$*UTF8*$!
{
	archiveVersion = 1;
	classes = {
	};
	objectVersion = 48;
	objects = {

/* Begin PBXBuildFile section */
		7DF68ECF1FD1D279005A08E9 /* AppDelegate.swift in Sources */ = {isa = PBXBuildFile; fileRef = 7DF68ECE1FD1D279005A08E9 /* AppDelegate.swift */; };
		7DF68ED11FD1D279005A08E9 /* ViewController.swift in Sources */ = {isa = PBXBuildFile; fileRef = 7DF68ED01FD1D279005A08E9 /* ViewController.swift */; };
		7DF68ED41FD1D279005A08E9 /* Main.storyboard in Resources */ = {isa = PBXBuildFile; fileRef = 7DF68ED21FD1D279005A08E9 /* Main.storyboard */; };
		7DF68ED61FD1D279005A08E9 /* Assets.xcassets in Resources */ = {isa = PBXBuildFile; fileRef = 7DF68ED51FD1D279005A08E9 /* Assets.xcassets */; };
		7DF68ED91FD1D279005A08E9 /* LaunchScreen.storyboard in Resources */ = {isa = PBXBuildFile; fileRef = 7DF68ED71FD1D279005A08E9 /* LaunchScreen.storyboard */; };
		7DF68EE41FD1D279005A08E9 /* MyNewAppTests.swift in Sources */ = {isa = PBXBuildFile; fileRef = 7DF68EE31FD1D279005A08E9 /* MyNewAppTests.swift */; };
		7DF68EEF1FD1D279005A08E9 /* MyNewAppUITests.swift in Sources */ = {isa = PBXBuildFile; fileRef = 7DF68EEE1FD1D279005A08E9 /* MyNewAppUITests.swift */; };
/* End PBXBuildFile section */

/* Begin PBXContainerItemProxy section */
		7DF68EE01FD1D279005A08E9 /* PBXContainerItemProxy */ = {
			isa = PBXContainerItemProxy;
			containerPortal = 7DF68EC31FD1D279005A08E9 /* Project object */;
			proxyType = 1;
			remoteGlobalIDString = 7DF68ECA1FD1D279005A08E9;
			remoteInfo = MyNewApp;
		};
		7DF68EEB1FD1D279005A08E9 /* PBXContainerItemProxy */ = {
			isa = PBXContainerItemProxy;
			containerPortal = 7DF68EC31FD1D279005A08E9 /* Project object */;
			proxyType = 1;
			remoteGlobalIDString = 7DF68ECA1FD1D279005A08E9;
			remoteInfo = MyNewApp;
		};
/* End PBXContainerItemProxy section */

/* Begin PBXFileReference section */
		7DF68ECB1FD1D279005A08E9 /* MyNewApp.app */ = {isa = PBXFileReference; explicitFileType = wrapper.application; includeInIndex = 0; path = MyNewApp.app; sourceTree = BUILT_PRODUCTS_DIR; };
		7DF68ECE1FD1D279005A08E9 /* AppDelegate.swift */ = {isa = PBXFileReference; lastKnownFileType = sourcecode.swift; path = AppDelegate.swift; sourceTree = "<group>"; };
		7DF68ED01FD1D279005A08E9 /* ViewController.swift */ = {isa = PBXFileReference; lastKnownFileType = sourcecode.swift; path = ViewController.swift; sourceTree = "<group>"; };
		7DF68ED31FD1D279005A08E9 /* Base */ = {isa = PBXFileReference; lastKnownFileType = file.storyboard; name = Base; path = Base.lproj/Main.storyboard; sourceTree = "<group>"; };
		7DF68ED51FD1D279005A08E9 /* Assets.xcassets */ = {isa = PBXFileReference; lastKnownFileType = folder.assetcatalog; path = Assets.xcassets; sourceTree = "<group>"; };
		7DF68ED81FD1D279005A08E9 /* Base */ = {isa = PBXFileReference; lastKnownFileType = file.storyboard; name = Base; path = Base.lproj/LaunchScreen.storyboard; sourceTree = "<group>"; };
		7DF68EDA1FD1D279005A08E9 /* Info.plist */ = {isa = PBXFileReference; lastKnownFileType = text.plist.xml; path = Info.plist; sourceTree = "<group>"; };
		7DF68EDF1FD1D279005A08E9 /* MyNewAppTests.xctest */ = {isa = PBXFileReference; explicitFileType = wrapper.cfbundle; includeInIndex = 0; path = MyNewAppTests.xctest; sourceTree = BUILT_PRODUCTS_DIR; };
		7DF68EE31FD1D279005A08E9 /* MyNewAppTests.swift */ = {isa = PBXFileReference; lastKnownFileType = sourcecode.swift; path = MyNewAppTests.swift; sourceTree = "<group>"; };
		7DF68EE51FD1D279005A08E9 /* Info.plist */ = {isa = PBXFileReference; lastKnownFileType = text.plist.xml; path = Info.plist; sourceTree = "<group>"; };
		7DF68EEA1FD1D279005A08E9 /* MyNewAppUITests.xctest */ = {isa = PBXFileReference; explicitFileType = wrapper.cfbundle; includeInIndex = 0; path = MyNewAppUITests.xctest; sourceTree = BUILT_PRODUCTS_DIR; };
		7DF68EEE1FD1D279005A08E9 /* MyNewAppUITests.swift */ = {isa = PBXFileReference; lastKnownFileType = sourcecode.swift; path = MyNewAppUITests.swift; sourceTree = "<group>"; };
		7DF68EF01FD1D279005A08E9 /* Info.plist */ = {isa = PBXFileReference; lastKnownFileType = text.plist.xml; path = Info.plist; sourceTree = "<group>"; };
/* End PBXFileReference section */

/* Begin PBXFrameworksBuildPhase section */
		7DF68EC81FD1D279005A08E9 /* Frameworks */ = {
			isa = PBXFrameworksBuildPhase;
			buildActionMask = 2147483647;
			files = (
			);
			runOnlyForDeploymentPostprocessing = 0;
		};
		7DF68EDC1FD1D279005A08E9 /* Frameworks */ = {
			isa = PBXFrameworksBuildPhase;
			buildActionMask = 2147483647;
			files = (
			);
			runOnlyForDeploymentPostprocessing = 0;
		};
		7DF68EE71FD1D279005A08E9 /* Frameworks */ = {
			isa = PBXFrameworksBuildPhase;
			buildActionMask = 2147483647;
			files = (
			);
			runOnlyForDeploymentPostprocessing = 0;
		};
/* End PBXFrameworksBuildPhase section */

/* Begin PBXGroup section */
		7DF68EC21FD1D279005A08E9 = {
			isa = PBXGroup;
			children = (
				7DF68ECD1FD1D279005A08E9 /* MyNewApp */,
				7DF68EE21FD1D279005A08E9 /* MyNewAppTests */,
				7DF68EED1FD1D279005A08E9 /* MyNewAppUITests */,
				7DF68ECC1FD1D279005A08E9 /* Products */,
			);
			sourceTree = "<group>";
		};
		7DF68ECC1FD1D279005A08E9 /* Products */ = {
			isa = PBXGroup;
			children = (
				7DF68ECB1FD1D279005A08E9 /* MyNewApp.app */,
				7DF68EDF1FD1D279005A08E9 /* MyNewAppTests.xctest */,
				7DF68EEA1FD1D279005A08E9 /* MyNewAppUITests.xctest */,
			);
			name = Products;
			sourceTree = "<group>";
		};
		7DF68ECD1FD1D279005A08E9 /* MyNewApp */ = {
			isa = PBXGroup;
			children = (
				7DF68ECE1FD1D279005A08E9 /* AppDelegate.swift */,
				7DF68ED01FD1D279005A08E9 /* ViewController.swift */,
				7DF68ED21FD1D279005A08E9 /* Main.storyboard */,
				7DF68ED51FD1D279005A08E9 /* Assets.xcassets */,
				7DF68ED71FD1D279005A08E9 /* LaunchScreen.storyboard */,
				7DF68EDA1FD1D279005A08E9 /* Info.plist */,
			);
			path = MyNewApp;
			sourceTree = "<group>";
		};
		7DF68EE21FD1D279005A08E9 /* MyNewAppTests */ = {
			isa = PBXGroup;
			children = (
				7DF68EE31FD1D279005A08E9 /* MyNewAppTests.swift */,
				7DF68EE51FD1D279005A08E9 /* Info.plist */,
			);
			path = MyNewAppTests;
			sourceTree = "<group>";
		};
		7DF68EED1FD1D279005A08E9 /* MyNewAppUITests */ = {
			isa = PBXGroup;
			children = (
				7DF68EEE1FD1D279005A08E9 /* MyNewAppUITests.swift */,
				7DF68EF01FD1D279005A08E9 /* Info.plist */,
			);
			path = MyNewAppUITests;
			sourceTree = "<group>";
		};
/* End PBXGroup section */

/* Begin PBXNativeTarget section */
		7DF68ECA1FD1D279005A08E9 /* MyNewApp */ = {
			isa = PBXNativeTarget;
			buildConfigurationList = 7DF68EF31FD1D279005A08E9 /* Build configuration list for PBXNativeTarget "MyNewApp" */;
			buildPhases = (
				7DF68EC71FD1D279005A08E9 /* Sources */,
				7DF68EC81FD1D279005A08E9 /* Frameworks */,
				7DF68EC91FD1D279005A08E9 /* Resources */,
			);
			buildRules = (
			);
			dependencies = (
			);
			name = MyNewApp;
			productName = MyNewApp;
			productReference = 7DF68ECB1FD1D279005A08E9 /* MyNewApp.app */;
			productType = "com.apple.product-type.application";
		};
		7DF68EDE1FD1D279005A08E9 /* MyNewAppTests */ = {
			isa = PBXNativeTarget;
			buildConfigurationList = 7DF68EF61FD1D279005A08E9 /* Build configuration list for PBXNativeTarget "MyNewAppTests" */;
			buildPhases = (
				7DF68EDB1FD1D279005A08E9 /* Sources */,
				7DF68EDC1FD1D279005A08E9 /* Frameworks */,
				7DF68EDD1FD1D279005A08E9 /* Resources */,
			);
			buildRules = (
			);
			dependencies = (
				7DF68EE11FD1D279005A08E9 /* PBXTargetDependency */,
			);
			name = MyNewAppTests;
			productName = MyNewAppTests;
			productReference = 7DF68EDF1FD1D279005A08E9 /* MyNewAppTests.xctest */;
			productType = "com.apple.product-type.bundle.unit-test";
		};
		7DF68EE91FD1D279005A08E9 /* MyNewAppUITests */ = {
			isa = PBXNativeTarget;
			buildConfigurationList = 7DF68EF91FD1D279005A08E9 /* Build configuration list for PBXNativeTarget "MyNewAppUITests" */;
			buildPhases = (
				7DF68EE61FD1D279005A08E9 /* Sources */,
				7DF68EE71FD1D279005A08E9 /* Frameworks */,
				7DF68EE81FD1D279005A08E9 /* Resources */,
			);
			buildRules = (
			);
			dependencies = (
				7DF68EEC1FD1D279005A08E9 /* PBXTargetDependency */,
			);
			name = MyNewAppUITests;
			productName = MyNewAppUITests;
			productReference = 7DF68EEA1FD1D279005A08E9 /* MyNewAppUITests.xctest */;
			productType = "com.apple.product-type.bundle.ui-testing";
		};
/* End PBXNativeTarget section */

/* Begin PBXProject section */
		7DF68EC31FD1D279005A08E9 /* Project object */ = {
			isa = PBXProject;
			attributes = {
				LastSwiftUpdateCheck = 0900;
				LastUpgradeCheck = 0900;
				ORGANIZATIONNAME = "Jamie Mclaughlin";
				TargetAttributes = {
					7DF68ECA1FD1D279005A08E9 = {
						CreatedOnToolsVersion = 9.0;
						ProvisioningStyle = Automatic;
					};
					7DF68EDE1FD1D279005A08E9 = {
						CreatedOnToolsVersion = 9.0;
						ProvisioningStyle = Automatic;
						TestTargetID = 7DF68ECA1FD1D279005A08E9;
					};
					7DF68EE91FD1D279005A08E9 = {
						CreatedOnToolsVersion = 9.0;
						ProvisioningStyle = Automatic;
						TestTargetID = 7DF68ECA1FD1D279005A08E9;
					};
				};
			};
			buildConfigurationList = 7DF68EC61FD1D279005A08E9 /* Build configuration list for PBXProject "MyNewApp" */;
			compatibilityVersion = "Xcode 8.0";
			developmentRegion = en;
			hasScannedForEncodings = 0;
			knownRegions = (
				en,
				Base,
			);
			mainGroup = 7DF68EC21FD1D279005A08E9;
			productRefGroup = 7DF68ECC1FD1D279005A08E9 /* Products */;
			projectDirPath = "";
			projectRoot = "";
			targets = (
				7DF68ECA1FD1D279005A08E9 /* MyNewApp */,
				7DF68EDE1FD1D279005A08E9 /* MyNewAppTests */,
				7DF68EE91FD1D279005A08E9 /* MyNewAppUITests */,
			);
		};
/* End PBXProject section */

/* Begin PBXResourcesBuildPhase section */
		7DF68EC91FD1D279005A08E9 /* Resources */ = {
			isa = PBXResourcesBuildPhase;
			buildActionMask = 2147483647;
			files = (
				7DF68ED91FD1D279005A08E9 /* LaunchScreen.storyboard in Resources */,
				7DF68ED61FD1D279005A08E9 /* Assets.xcassets in Resources */,
				7DF68ED41FD1D279005A08E9 /* Main.storyboard in Resources */,
			);
			runOnlyForDeploymentPostprocessing = 0;
		};
		7DF68EDD1FD1D279005A08E9 /* Resources */ = {
			isa = PBXResourcesBuildPhase;
			buildActionMask = 2147483647;
			files = (
			);
			runOnlyForDeploymentPostprocessing = 0;
		};
		7DF68EE81FD1D279005A08E9 /* Resources */ = {
			isa = PBXResourcesBuildPhase;
			buildActionMask = 2147483647;
			files = (
			);
			runOnlyForDeploymentPostprocessing = 0;
		};
/* End PBXResourcesBuildPhase section */

/* Begin PBXSourcesBuildPhase section */
		7DF68EC71FD1D279005A08E9 /* Sources */ = {
			isa = PBXSourcesBuildPhase;
			buildActionMask = 2147483647;
			files = (
				7DF68ED11FD1D279005A08E9 /* ViewController.swift in Sources */,
				7DF68ECF1FD1D279005A08E9 /* AppDelegate.swift in Sources */,
			);
			runOnlyForDeploymentPostprocessing = 0;
		};
		7DF68EDB1FD1D279005A08E9 /* Sources */ = {
			isa = PBXSourcesBuildPhase;
			buildActionMask = 2147483647;
			files = (
				7DF68EE41FD1D279005A08E9 /* MyNewAppTests.swift in Sources */,
			);
			runOnlyForDeploymentPostprocessing = 0;
		};
		7DF68EE61FD1D279005A08E9 /* Sources */ = {
			isa = PBXSourcesBuildPhase;
			buildActionMask = 2147483647;
			files = (
				7DF68EEF1FD1D279005A08E9 /* MyNewAppUITests.swift in Sources */,
			);
			runOnlyForDeploymentPostprocessing = 0;
		};
/* End PBXSourcesBuildPhase section */

/* Begin PBXTargetDependency section */
		7DF68EE11FD1D279005A08E9 /* PBXTargetDependency */ = {
			isa = PBXTargetDependency;
			target = 7DF68ECA1FD1D279005A08E9 /* MyNewApp */;
			targetProxy = 7DF68EE01FD1D279005A08E9 /* PBXContainerItemProxy */;
		};
		7DF68EEC1FD1D279005A08E9 /* PBXTargetDependency */ = {
			isa = PBXTargetDependency;
			target = 7DF68ECA1FD1D279005A08E9 /* MyNewApp */;
			targetProxy = 7DF68EEB1FD1D279005A08E9 /* PBXContainerItemProxy */;
		};
/* End PBXTargetDependency section */

/* Begin PBXVariantGroup section */
		7DF68ED21FD1D279005A08E9 /* Main.storyboard */ = {
			isa = PBXVariantGroup;
			children = (
				7DF68ED31FD1D279005A08E9 /* Base */,
			);
			name = Main.storyboard;
			sourceTree = "<group>";
		};
		7DF68ED71FD1D279005A08E9 /* LaunchScreen.storyboard */ = {
			isa = PBXVariantGroup;
			children = (
				7DF68ED81FD1D279005A08E9 /* Base */,
			);
			name = LaunchScreen.storyboard;
			sourceTree = "<group>";
		};
/* End PBXVariantGroup section */

/* Begin XCBuildConfiguration section */
		7DF68EF11FD1D279005A08E9 /* Debug */ = {
			isa = XCBuildConfiguration;
			buildSettings = {
				ALWAYS_SEARCH_USER_PATHS = NO;
				CLANG_ANALYZER_NONNULL = YES;
				CLANG_ANALYZER_NUMBER_OBJECT_CONVERSION = YES_AGGRESSIVE;
				CLANG_CXX_LANGUAGE_STANDARD = "gnu++14";
				CLANG_CXX_LIBRARY = "libc++";
				CLANG_ENABLE_MODULES = YES;
				CLANG_ENABLE_OBJC_ARC = YES;
				CLANG_WARN_BLOCK_CAPTURE_AUTORELEASING = YES;
				CLANG_WARN_BOOL_CONVERSION = YES;
				CLANG_WARN_COMMA = YES;
				CLANG_WARN_CONSTANT_CONVERSION = YES;
				CLANG_WARN_DIRECT_OBJC_ISA_USAGE = YES_ERROR;
				CLANG_WARN_DOCUMENTATION_COMMENTS = YES;
				CLANG_WARN_EMPTY_BODY = YES;
				CLANG_WARN_ENUM_CONVERSION = YES;
				CLANG_WARN_INFINITE_RECURSION = YES;
				CLANG_WARN_INT_CONVERSION = YES;
				CLANG_WARN_NON_LITERAL_NULL_CONVERSION = YES;
				CLANG_WARN_OBJC_LITERAL_CONVERSION = YES;
				CLANG_WARN_OBJC_ROOT_CLASS = YES_ERROR;
				CLANG_WARN_RANGE_LOOP_ANALYSIS = YES;
				CLANG_WARN_STRICT_PROTOTYPES = YES;
				CLANG_WARN_SUSPICIOUS_MOVE = YES;
				CLANG_WARN_UNGUARDED_AVAILABILITY = YES_AGGRESSIVE;
				CLANG_WARN_UNREACHABLE_CODE = YES;
				CLANG_WARN__DUPLICATE_METHOD_MATCH = YES;
				CODE_SIGN_IDENTITY = "iPhone Developer";
				COPY_PHASE_STRIP = NO;
				DEBUG_INFORMATION_FORMAT = dwarf;
				ENABLE_STRICT_OBJC_MSGSEND = YES;
				ENABLE_TESTABILITY = YES;
				GCC_C_LANGUAGE_STANDARD = gnu11;
				GCC_DYNAMIC_NO_PIC = NO;
				GCC_NO_COMMON_BLOCKS = YES;
				GCC_OPTIMIZATION_LEVEL = 0;
				GCC_PREPROCESSOR_DEFINITIONS = (
					"DEBUG=1",
					"$(inherited)",
				);
				GCC_WARN_64_TO_32_BIT_CONVERSION = YES;
				GCC_WARN_ABOUT_RETURN_TYPE = YES_ERROR;
				GCC_WARN_UNDECLARED_SELECTOR = YES;
				GCC_WARN_UNINITIALIZED_AUTOS = YES_AGGRESSIVE;
				GCC_WARN_UNUSED_FUNCTION = YES;
				GCC_WARN_UNUSED_VARIABLE = YES;
				IPHONEOS_DEPLOYMENT_TARGET = 11.0;
				MTL_ENABLE_DEBUG_INFO = YES;
				ONLY_ACTIVE_ARCH = YES;
				SDKROOT = iphoneos;
				SWIFT_ACTIVE_COMPILATION_CONDITIONS = DEBUG;
				SWIFT_OPTIMIZATION_LEVEL = "-Onone";
			};
			name = Debug;
		};
		7DF68EF21FD1D279005A08E9 /* Release */ = {
			isa = XCBuildConfiguration;
			buildSettings = {
				ALWAYS_SEARCH_USER_PATHS = NO;
				CLANG_ANALYZER_NONNULL = YES;
				CLANG_ANALYZER_NUMBER_OBJECT_CONVERSION = YES_AGGRESSIVE;
				CLANG_CXX_LANGUAGE_STANDARD = "gnu++14";
				CLANG_CXX_LIBRARY = "libc++";
				CLANG_ENABLE_MODULES = YES;
				CLANG_ENABLE_OBJC_ARC = YES;
				CLANG_WARN_BLOCK_CAPTURE_AUTORELEASING = YES;
				CLANG_WARN_BOOL_CONVERSION = YES;
				CLANG_WARN_COMMA = YES;
				CLANG_WARN_CONSTANT_CONVERSION = YES;
				CLANG_WARN_DIRECT_OBJC_ISA_USAGE = YES_ERROR;
				CLANG_WARN_DOCUMENTATION_COMMENTS = YES;
				CLANG_WARN_EMPTY_BODY = YES;
				CLANG_WARN_ENUM_CONVERSION = YES;
				CLANG_WARN_INFINITE_RECURSION = YES;
				CLANG_WARN_INT_CONVERSION = YES;
				CLANG_WARN_NON_LITERAL_NULL_CONVERSION = YES;
				CLANG_WARN_OBJC_LITERAL_CONVERSION = YES;
				CLANG_WARN_OBJC_ROOT_CLASS = YES_ERROR;
				CLANG_WARN_RANGE_LOOP_ANALYSIS = YES;
				CLANG_WARN_STRICT_PROTOTYPES = YES;
				CLANG_WARN_SUSPICIOUS_MOVE = YES;
				CLANG_WARN_UNGUARDED_AVAILABILITY = YES_AGGRESSIVE;
				CLANG_WARN_UNREACHABLE_CODE = YES;
				CLANG_WARN__DUPLICATE_METHOD_MATCH = YES;
				CODE_SIGN_IDENTITY = "iPhone Developer";
				COPY_PHASE_STRIP = NO;
				DEBUG_INFORMATION_FORMAT = "dwarf-with-dsym";
				ENABLE_NS_ASSERTIONS = NO;
				ENABLE_STRICT_OBJC_MSGSEND = YES;
				GCC_C_LANGUAGE_STANDARD = gnu11;
				GCC_NO_COMMON_BLOCKS = YES;
				GCC_WARN_64_TO_32_BIT_CONVERSION = YES;
				GCC_WARN_ABOUT_RETURN_TYPE = YES_ERROR;
				GCC_WARN_UNDECLARED_SELECTOR = YES;
				GCC_WARN_UNINITIALIZED_AUTOS = YES_AGGRESSIVE;
				GCC_WARN_UNUSED_FUNCTION = YES;
				GCC_WARN_UNUSED_VARIABLE = YES;
				IPHONEOS_DEPLOYMENT_TARGET = 11.0;
				MTL_ENABLE_DEBUG_INFO = NO;
				SDKROOT = iphoneos;
				SWIFT_OPTIMIZATION_LEVEL = "-Owholemodule";
				VALIDATE_PRODUCT = YES;
			};
			name = Release;
		};
		7DF68EF41FD1D279005A08E9 /* Debug */ = {
			isa = XCBuildConfiguration;
			buildSettings = {
				ASSETCATALOG_COMPILER_APPICON_NAME = AppIcon;
				CODE_SIGN_STYLE = Automatic;
				INFOPLIST_FILE = MyNewApp/Info.plist;
				LD_RUNPATH_SEARCH_PATHS = "$(inherited) @executable_path/Frameworks";
				PRODUCT_BUNDLE_IDENTIFIER = com.jjkeller.kmb.MyNewApp;
				PRODUCT_NAME = "$(TARGET_NAME)";
				SWIFT_VERSION = 4.0;
				TARGETED_DEVICE_FAMILY = "1,2";
			};
			name = Debug;
		};
		7DF68EF51FD1D279005A08E9 /* Release */ = {
			isa = XCBuildConfiguration;
			buildSettings = {
				ASSETCATALOG_COMPILER_APPICON_NAME = AppIcon;
				CODE_SIGN_STYLE = Automatic;
				INFOPLIST_FILE = MyNewApp/Info.plist;
				LD_RUNPATH_SEARCH_PATHS = "$(inherited) @executable_path/Frameworks";
				PRODUCT_BUNDLE_IDENTIFIER = com.jjkeller.kmb.MyNewApp;
				PRODUCT_NAME = "$(TARGET_NAME)";
				SWIFT_VERSION = 4.0;
				TARGETED_DEVICE_FAMILY = "1,2";
			};
			name = Release;
		};
		7DF68EF71FD1D279005A08E9 /* Debug */ = {
			isa = XCBuildConfiguration;
			buildSettings = {
				ALWAYS_EMBED_SWIFT_STANDARD_LIBRARIES = YES;
				BUNDLE_LOADER = "$(TEST_HOST)";
				CODE_SIGN_STYLE = Automatic;
				INFOPLIST_FILE = MyNewAppTests/Info.plist;
				LD_RUNPATH_SEARCH_PATHS = "$(inherited) @executable_path/Frameworks @loader_path/Frameworks";
				PRODUCT_BUNDLE_IDENTIFIER = com.jjkeller.kmb.MyNewAppTests;
				PRODUCT_NAME = "$(TARGET_NAME)";
				SWIFT_VERSION = 4.0;
				TARGETED_DEVICE_FAMILY = "1,2";
				TEST_HOST = "$(BUILT_PRODUCTS_DIR)/MyNewApp.app/MyNewApp";
			};
			name = Debug;
		};
		7DF68EF81FD1D279005A08E9 /* Release */ = {
			isa = XCBuildConfiguration;
			buildSettings = {
				ALWAYS_EMBED_SWIFT_STANDARD_LIBRARIES = YES;
				BUNDLE_LOADER = "$(TEST_HOST)";
				CODE_SIGN_STYLE = Automatic;
				INFOPLIST_FILE = MyNewAppTests/Info.plist;
				LD_RUNPATH_SEARCH_PATHS = "$(inherited) @executable_path/Frameworks @loader_path/Frameworks";
				PRODUCT_BUNDLE_IDENTIFIER = com.jjkeller.kmb.MyNewAppTests;
				PRODUCT_NAME = "$(TARGET_NAME)";
				SWIFT_VERSION = 4.0;
				TARGETED_DEVICE_FAMILY = "1,2";
				TEST_HOST = "$(BUILT_PRODUCTS_DIR)/MyNewApp.app/MyNewApp";
			};
			name = Release;
		};
		7DF68EFA1FD1D279005A08E9 /* Debug */ = {
			isa = XCBuildConfiguration;
			buildSettings = {
				ALWAYS_EMBED_SWIFT_STANDARD_LIBRARIES = YES;
				CODE_SIGN_STYLE = Automatic;
				INFOPLIST_FILE = MyNewAppUITests/Info.plist;
				LD_RUNPATH_SEARCH_PATHS = "$(inherited) @executable_path/Frameworks @loader_path/Frameworks";
				PRODUCT_BUNDLE_IDENTIFIER = com.jjkeller.kmb.MyNewAppUITests;
				PRODUCT_NAME = "$(TARGET_NAME)";
				SWIFT_VERSION = 4.0;
				TARGETED_DEVICE_FAMILY = "1,2";
				TEST_TARGET_NAME = MyNewApp;
			};
			name = Debug;
		};
		7DF68EFB1FD1D279005A08E9 /* Release */ = {
			isa = XCBuildConfiguration;
			buildSettings = {
				ALWAYS_EMBED_SWIFT_STANDARD_LIBRARIES = YES;
				CODE_SIGN_STYLE = Automatic;
				INFOPLIST_FILE = MyNewAppUITests/Info.plist;
				LD_RUNPATH_SEARCH_PATHS = "$(inherited) @executable_path/Frameworks @loader_path/Frameworks";
				PRODUCT_BUNDLE_IDENTIFIER = com.jjkeller.kmb.MyNewAppUITests;
				PRODUCT_NAME = "$(TARGET_NAME)";
				SWIFT_VERSION = 4.0;
				TARGETED_DEVICE_FAMILY = "1,2";
				TEST_TARGET_NAME = MyNewApp;
			};
			name = Release;
		};
/* End XCBuildConfiguration section */

/* Begin XCConfigurationList section */
		7DF68EC61FD1D279005A08E9 /* Build configuration list for PBXProject "MyNewApp" */ = {
			isa = XCConfigurationList;
			buildConfigurations = (
				7DF68EF11FD1D279005A08E9 /* Debug */,
				7DF68EF21FD1D279005A08E9 /* Release */,
			);
			defaultConfigurationIsVisible = 0;
			defaultConfigurationName = Release;
		};
		7DF68EF31FD1D279005A08E9 /* Build configuration list for PBXNativeTarget "MyNewApp" */ = {
			isa = XCConfigurationList;
			buildConfigurations = (
				7DF68EF41FD1D279005A08E9 /* Debug */,
				7DF68EF51FD1D279005A08E9 /* Release */,
			);
			defaultConfigurationIsVisible = 0;
			defaultConfigurationName = Release;
		};
		7DF68EF61FD1D279005A08E9 /* Build configuration list for PBXNativeTarget "MyNewAppTests" */ = {
			isa = XCConfigurationList;
			buildConfigurations = (
				7DF68EF71FD1D279005A08E9 /* Debug */,
				7DF68EF81FD1D279005A08E9 /* Release */,
			);
			defaultConfigurationIsVisible = 0;
			defaultConfigurationName = Release;
		};
		7DF68EF91FD1D279005A08E9 /* Build configuration list for PBXNativeTarget "MyNewAppUITests" */ = {
			isa = XCConfigurationList;
			buildConfigurations = (
				7DF68EFA1FD1D279005A08E9 /* Debug */,
				7DF68EFB1FD1D279005A08E9 /* Release */,
			);
			defaultConfigurationIsVisible = 0;
			defaultConfigurationName = Release;
		};
/* End XCConfigurationList section */
	};
	rootObject = 7DF68EC31FD1D279005A08E9 /* Project object */;
}
